{
    "hash": "2d67143ac2cd9f7b409d143e27a4cf2a",
    "packages": [
        {
            "name": "components/jquery",
            "version": "1.9.1",
            "source": {
                "type": "git",
                "url": "https://github.com/components/jquery.git",
                "reference": "1.9.1"
            },
            "dist": {
                "type": "zip",
                "url": "https://api.github.com/repos/components/jquery/zipball/1.9.1",
                "reference": "1.9.1",
                "shasum": ""
            },
            "require": {
                "robloach/component-installer": "*"
            },
            "time": "2013-03-15 01:10:01",
            "type": "component",
            "extra": {
                "component": {
                    "scripts": [
                        "jquery.js"
                    ]
                }
            },
            "installation-source": "dist",
            "license": [
                "MIT"
            ],
            "authors": [
                {
                    "name": "John Resig",
                    "email": "jeresig@gmail.com",
                    "homepage": "http://ejohn.org/"
                }
            ],
            "description": "jQuery JavaScript Library",
            "homepage": "http://jquery.com"
        },
        {
            "name": "components/modernizr",
            "version": "2.6.2",
            "source": {
                "type": "git",
                "url": "https://github.com/components/modernizr.git",
                "reference": "2.6.2"
            },
            "dist": {
                "type": "zip",
                "url": "https://api.github.com/repos/components/modernizr/zipball/2.6.2",
                "reference": "2.6.2",
                "shasum": ""
            },
            "require": {
                "robloach/component-installer": "*"
            },
            "time": "2013-03-31 12:34:31",
            "type": "component",
            "extra": {
                "component": {
                    "scripts": [
                        "modernizr.js"
                    ],
                    "shim": {
                        "exports": "window.Modernizr"
                    }
                }
            },
            "installation-source": "dist",
            "license": [
                "MIT"
            ],
            "authors": [
                {
                    "name": "Modernizr",
                    "homepage": "http://modernizr.com"
                },
                {
                    "name": "Faruk Ates"
                },
                {
                    "name": "Paul Irish"
                },
                {
                    "name": "Alex Sexton"
                },
                {
                    "name": "Ryan Seddon"
                },
                {
                    "name": "Alexander Farkas"
                },
                {
                    "name": "Ben Alman"
                },
                {
                    "name": "Stu Cox"
                }
            ],
            "description": "Modernizr is a JavaScript library that detects HTML5 and CSS3 features in the user's browser.",
            "homepage": "http://modernizr.com",
            "keywords": [
                "browser",
                "HTML5",
                "CSS3",
                "feature detection"
            ]
        },
        {
            "name": "facebook/php-sdk",
            "version": "v3.2.2",
            "source": {
                "type": "git",
                "url": "https://github.com/facebook/facebook-php-sdk.git",
                "reference": "v3.2.2"
            },
            "dist": {
                "type": "zip",
                "url": "https://api.github.com/repos/facebook/facebook-php-sdk/zipball/v3.2.2",
                "reference": "v3.2.2",
                "shasum": ""
            },
            "require": {
                "php": ">=5.2.0",
                "ext-curl": "*",
                "ext-json": "*"
            },
            "time": "2013-01-15 21:37:15",
            "type": "library",
            "installation-source": "dist",
            "autoload": {
                "classmap": [
                    "src"
                ]
            },
            "license": [
                "Apache2"
            ],
            "authors": [
                {
                    "name": "Facebook",
                    "homepage": "https://github.com/facebook/facebook-php-sdk/contributors"
                }
            ],
            "description": "Facebook PHP SDK",
            "homepage": "https://github.com/facebook/facebook-php-sdk",
            "keywords": [
                "facebook",
                "sdk"
            ]
        },
        {
            "name": "jlong/sass-twitter-bootstrap",
            "version": "v2.3.1",
            "source": {
                "type": "git",
                "url": "https://github.com/jlong/sass-twitter-bootstrap.git",
                "reference": "v2.3.1"
            },
            "dist": {
                "type": "zip",
                "url": "https://api.github.com/repos/jlong/sass-twitter-bootstrap/zipball/v2.3.1",
                "reference": "v2.3.1",
                "shasum": ""
            },
            "time": "2013-03-07 21:01:43",
            "type": "library",
            "installation-source": "dist",
            "license": [
                "Apache-2.0"
            ],
            "description": "A sass port of the sleek, intuitive, and powerful front-end framework for faster and easier web development.",
            "homepage": "http://github.com/jlong/sass-twitter-bootstrap/",
            "keywords": [
                "css",
                "bootstrap",
                "sass"
            ]
        },
        {
            "name": "kriswallsmith/assetic",
            "version": "v1.0.4",
            "source": {
                "type": "git",
                "url": "http://github.com/kriswallsmith/assetic.git",
                "reference": "v1.0.4"
            },
            "dist": {
                "type": "zip",
                "url": "https://github.com/kriswallsmith/assetic/zipball/v1.0.4",
                "reference": "v1.0.4",
                "shasum": ""
            },
            "require": {
                "php": ">=5.3.1"
            },
            "time": "2012-08-28 05:18:28",
            "type": "library",
            "installation-source": "dist",
            "autoload": {
                "psr-0": {
                    "Assetic": "src/"
                }
            },
            "license": [
                "MIT"
            ],
            "authors": [
                {
                    "name": "Kris Wallsmith",
                    "email": "kris.wallsmith@gmail.com",
                    "homepage": "http://kriswallsmith.net/"
                }
            ],
            "description": "Asset Management for PHP",
            "homepage": "https://github.com/kriswallsmith/assetic",
            "keywords": [
                "assets",
                "compression",
                "minification"
            ]
        },
        {
            "name": "robloach/component-installer",
            "version": "0.0.3",
            "source": {
                "type": "git",
                "url": "https://github.com/RobLoach/component-installer.git",
                "reference": "0.0.3"
            },
            "dist": {
                "type": "zip",
                "url": "https://api.github.com/repos/RobLoach/component-installer/zipball/0.0.3",
                "reference": "0.0.3",
                "shasum": ""
            },
            "require": {
                "php": ">=5.3.2",
                "kriswallsmith/assetic": "1.*"
            },
            "require-dev": {
                "composer/composer": "1.0.*@dev",
                "phpunit/phpunit": "3.7.*"
            },
            "time": "2013-04-13 20:48:28",
            "type": "composer-installer",
            "extra": {
                "class": "ComponentInstaller\\Installer"
            },
            "installation-source": "dist",
            "autoload": {
                "psr-0": {
                    "ComponentInstaller": "src/"
                }
            },
            "license": [
                "MIT"
            ],
            "authors": [
                {
                    "name": "Rob Loach",
                    "email": "robloach@gmail.com",
                    "homepage": "http://robloach.net"
                }
            ],
            "description": "Allows installation of Components via Composer."
        }
    ],
    "packages-dev": null,
    "aliases": [

    ],
    "minimum-stability": "stable",
    "stability-flags": [

    ]
}
